<?xml version="1.0" encoding="utf-8"?>
<Project ToolsVersion="4.0" xmlns="http://schemas.microsoft.com/developer/msbuild/2003">
  <ItemGroup>
    <Filter Include="Source Files">
      <UniqueIdentifier>{4FC737F1-C7A5-4376-A066-2A32D752A2FF}</UniqueIdentifier>
      <Extensions>cpp;c;cc;cxx;def;odl;idl;hpj;bat;asm;asmx</Extensions>
    </Filter>
    <Filter Include="Header Files">
      <UniqueIdentifier>{93995380-89BD-4b04-88EB-625FBE52EBFB}</UniqueIdentifier>
      <Extensions>h;hh;hpp;hxx;hm;inl;inc;xsd</Extensions>
    </Filter>
    <Filter Include="Resource Files">
      <UniqueIdentifier>{67DA6AB6-F800-4c08-8B7A-83BB121AAD01}</UniqueIdentifier>
      <Extensions>rc;ico;cur;bmp;dlg;rc2;rct;bin;rgs;gif;jpg;jpeg;jpe;resx;tiff;tif;png;wav;mfcribbon-ms</Extensions>
    </Filter>
  </ItemGroup>
  <ItemGroup>
    <ClCompile Include="main.cpp">
      <Filter>Source Files</Filter>
    </ClCompile>
    <ClCompile Include="C_Field.cpp">
      <Filter>Source Files</Filter>
    </ClCompile>
    <ClCompile Include="C_1_figure_like_I.cpp">
      <Filter>Source Files</Filter>
    </ClCompile>
    <ClCompile Include="C_11_figure_like_I_rotated.cpp">
      <Filter>Source Files</Filter>
    </ClCompile>
    <ClCompile Include="C_2_figure_like_S.cpp">
      <Filter>Source Files</Filter>
    </ClCompile>
    <ClCompile Include="C_21_figure_like_S_rotated.cpp">
      <Filter>Source Files</Filter>
    </ClCompile>
    <ClCompile Include="C_3_figure_like_Z.cpp">
      <Filter>Source Files</Filter>
    </ClCompile>
    <ClCompile Include="C_31_figure_like_Z_rotated.cpp">
      <Filter>Source Files</Filter>
    </ClCompile>
    <ClCompile Include="C_4_figure_like_T.cpp">
      <Filter>Source Files</Filter>
    </ClCompile>
    <ClCompile Include="C_Game.cpp">
      <Filter>Source Files</Filter>
    </ClCompile>
    <ClCompile Include="C_Score.cpp">
      <Filter>Source Files</Filter>
    </ClCompile>
    <ClCompile Include="C_Program.cpp">
      <Filter>Source Files</Filter>
    </ClCompile>
    <ClCompile Include="C_41_figure_like_T_rotated.cpp">
      <Filter>Source Files</Filter>
    </ClCompile>
    <ClCompile Include="C_42_figure_like_T_rotated.cpp">
      <Filter>Source Files</Filter>
    </ClCompile>
    <ClCompile Include="C_43_figure_like_T_rotated.cpp">
      <Filter>Source Files</Filter>
    </ClCompile>
    <ClCompile Include="C_5_figure_like_J.cpp">
      <Filter>Source Files</Filter>
    </ClCompile>
    <ClCompile Include="C_51_figure_like_J_rotated.cpp">
      <Filter>Source Files</Filter>
    </ClCompile>
    <ClCompile Include="C_52_figure_like_J_rotated.cpp">
      <Filter>Source Files</Filter>
    </ClCompile>
    <ClCompile Include="C_53_figure_like_J_rotated.cpp">
      <Filter>Source Files</Filter>
    </ClCompile>
    <ClCompile Include="C_6_figure_like_L.cpp">
      <Filter>Source Files</Filter>
    </ClCompile>
    <ClCompile Include="C_61_figure_like_L_rotated.cpp">
      <Filter>Source Files</Filter>
    </ClCompile>
    <ClCompile Include="C_62_figure_like_L_rotated.cpp">
      <Filter>Source Files</Filter>
    </ClCompile>
    <ClCompile Include="C_63_figure_like_L_rotated.cpp">
      <Filter>Source Files</Filter>
    </ClCompile>
    <ClCompile Include="C_7_figure_like_O.cpp">
      <Filter>Source Files</Filter>
    </ClCompile>
  </ItemGroup>
  <ItemGroup>
    <ClInclude Include="C_Field.h">
      <Filter>Header Files</Filter>
    </ClInclude>
    <ClInclude Include="C_1_figure_like_I.h">
      <Filter>Header Files</Filter>
    </ClInclude>
    <ClInclude Include="C_11_figure_like_I_rotated.h">
      <Filter>Header Files</Filter>
    </ClInclude>
    <ClInclude Include="C_2_figure_like_S.h">
      <Filter>Header Files</Filter>
    </ClInclude>
    <ClInclude Include="C_21_figure_like_S_rotated.h">
      <Filter>Header Files</Filter>
    </ClInclude>
    <ClInclude Include="C_3_figure_like_Z.h">
      <Filter>Header Files</Filter>
    </ClInclude>
    <ClInclude Include="C_31_figure_like_Z_rotated.h">
      <Filter>Header Files</Filter>
    </ClInclude>
    <ClInclude Include="C_4_figure_like_T.h">
      <Filter>Header Files</Filter>
    </ClInclude>
    <ClInclude Include="C_Game.h">
      <Filter>Header Files</Filter>
    </ClInclude>
    <ClInclude Include="C_Score.h">
      <Filter>Header Files</Filter>
    </ClInclude>
    <ClInclude Include="C_Program.h">
      <Filter>Header Files</Filter>
    </ClInclude>
    <ClInclude Include="C_41_figure_like_T_rotated.h">
      <Filter>Header Files</Filter>
    </ClInclude>
    <ClInclude Include="C_42_figure_like_T_rotated.h">
      <Filter>Header Files</Filter>
    </ClInclude>
    <ClInclude Include="C_43_figure_like_T_rotated.h">
      <Filter>Header Files</Filter>
    </ClInclude>
    <ClInclude Include="C_5_figure_like_J.h">
      <Filter>Header Files</Filter>
    </ClInclude>
    <ClInclude Include="C_51_figure_like_J_rotated.h">
      <Filter>Header Files</Filter>
    </ClInclude>
    <ClInclude Include="C_52_figure_like_J_rotated.h">
      <Filter>Header Files</Filter>
    </ClInclude>
    <ClInclude Include="C_53_figure_like_J_rotated.h">
      <Filter>Header Files</Filter>
    </ClInclude>
    <ClInclude Include="C_6_figure_like_L.h">
      <Filter>Header Files</Filter>
    </ClInclude>
    <ClInclude Include="C_61_figure_like_L_rotated.h">
      <Filter>Header Files</Filter>
    </ClInclude>
    <ClInclude Include="C_62_figure_like_L_rotated.h">
      <Filter>Header Files</Filter>
    </ClInclude>
    <ClInclude Include="C_63_figure_like_L_rotated.h">
      <Filter>Header Files</Filter>
    </ClInclude>
    <ClInclude Include="C_7_figure_like_O.h">
      <Filter>Header Files</Filter>
    </ClInclude>
  </ItemGroup>
  <ItemGroup>
    <Text Include="scores.txt">
      <Filter>Resource Files</Filter>
    </Text>
  </ItemGroup>
</Project>